// !$*UTF8*$!
{
	archiveVersion = 1;
	classes = {
	};
	objectVersion = 46;
	objects = {

/* Begin PBXBuildFile section */
		049E6E221EBED868000F807F /* Assets.xcassets in Resources */ = {isa = PBXBuildFile; fileRef = 049E6E211EBED868000F807F /* Assets.xcassets */; };
		049E6E291EBED869000F807F /* MessagesExtension.appex in Embed App Extensions */ = {isa = PBXBuildFile; fileRef = 049E6E281EBED869000F807F /* MessagesExtension.appex */; settings = {ATTRIBUTES = (RemoveHeadersOnCopy, ); }; };
		049E6E2E1EBED869000F807F /* Messages.framework in Frameworks */ = {isa = PBXBuildFile; fileRef = 049E6E2D1EBED869000F807F /* Messages.framework */; };
		049E6E311EBED869000F807F /* MessagesViewController.swift in Sources */ = {isa = PBXBuildFile; fileRef = 049E6E301EBED869000F807F /* MessagesViewController.swift */; };
		049E6E341EBED869000F807F /* MainInterface.storyboard in Resources */ = {isa = PBXBuildFile; fileRef = 049E6E321EBED869000F807F /* MainInterface.storyboard */; };
		049E6E361EBED869000F807F /* Assets.xcassets in Resources */ = {isa = PBXBuildFile; fileRef = 049E6E351EBED869000F807F /* Assets.xcassets */; };
/* End PBXBuildFile section */

/* Begin PBXContainerItemProxy section */
		049E6E2A1EBED869000F807F /* PBXContainerItemProxy */ = {
			isa = PBXContainerItemProxy;
			containerPortal = 049E6E181EBED868000F807F /* Project object */;
			proxyType = 1;
			remoteGlobalIDString = 049E6E271EBED869000F807F;
			remoteInfo = MessagesExtension;
		};
/* End PBXContainerItemProxy section */

/* Begin PBXCopyFilesBuildPhase section */
		049E6E3D1EBED869000F807F /* Embed App Extensions */ = {
			isa = PBXCopyFilesBuildPhase;
			buildActionMask = 2147483647;
			dstPath = "";
			dstSubfolderSpec = 13;
			files = (
				049E6E291EBED869000F807F /* MessagesExtension.appex in Embed App Extensions */,
			);
			name = "Embed App Extensions";
			runOnlyForDeploymentPostprocessing = 0;
		};
/* End PBXCopyFilesBuildPhase section */

/* Begin PBXFileReference section */
		049E6E1E1EBED868000F807F /* chatDemo.app */ = {isa = PBXFileReference; explicitFileType = wrapper.application; includeInIndex = 0; path = chatDemo.app; sourceTree = BUILT_PRODUCTS_DIR; };
		049E6E211EBED868000F807F /* Assets.xcassets */ = {isa = PBXFileReference; lastKnownFileType = folder.assetcatalog; path = Assets.xcassets; sourceTree = "<group>"; };
		049E6E231EBED869000F807F /* Info.plist */ = {isa = PBXFileReference; lastKnownFileType = text.plist.xml; path = Info.plist; sourceTree = "<group>"; };
		049E6E281EBED869000F807F /* MessagesExtension.appex */ = {isa = PBXFileReference; explicitFileType = "wrapper.app-extension"; includeInIndex = 0; path = MessagesExtension.appex; sourceTree = BUILT_PRODUCTS_DIR; };
		049E6E2D1EBED869000F807F /* Messages.framework */ = {isa = PBXFileReference; lastKnownFileType = wrapper.framework; name = Messages.framework; path = System/Library/Frameworks/Messages.framework; sourceTree = SDKROOT; };
		049E6E301EBED869000F807F /* MessagesViewController.swift */ = {isa = PBXFileReference; lastKnownFileType = sourcecode.swift; path = MessagesViewController.swift; sourceTree = "<group>"; };
		049E6E331EBED869000F807F /* Base */ = {isa = PBXFileReference; lastKnownFileType = file.storyboard; name = Base; path = Base.lproj/MainInterface.storyboard; sourceTree = "<group>"; };
		049E6E351EBED869000F807F /* Assets.xcassets */ = {isa = PBXFileReference; lastKnownFileType = folder.assetcatalog; path = Assets.xcassets; sourceTree = "<group>"; };
		049E6E371EBED869000F807F /* Info.plist */ = {isa = PBXFileReference; lastKnownFileType = text.plist.xml; path = Info.plist; sourceTree = "<group>"; };
/* End PBXFileReference section */

/* Begin PBXFrameworksBuildPhase section */
		049E6E251EBED869000F807F /* Frameworks */ = {
			isa = PBXFrameworksBuildPhase;
			buildActionMask = 2147483647;
			files = (
				049E6E2E1EBED869000F807F /* Messages.framework in Frameworks */,
			);
			runOnlyForDeploymentPostprocessing = 0;
		};
/* End PBXFrameworksBuildPhase section */

/* Begin PBXGroup section */
		049E6E171EBED868000F807F = {
			isa = PBXGroup;
			children = (
				049E6E201EBED868000F807F /* chatDemo */,
				049E6E2F1EBED869000F807F /* MessagesExtension */,
				049E6E2C1EBED869000F807F /* Frameworks */,
				049E6E1F1EBED868000F807F /* Products */,
			);
			sourceTree = "<group>";
		};
		049E6E1F1EBED868000F807F /* Products */ = {
			isa = PBXGroup;
			children = (
				049E6E1E1EBED868000F807F /* chatDemo.app */,
				049E6E281EBED869000F807F /* MessagesExtension.appex */,
			);
			name = Products;
			sourceTree = "<group>";
		};
		049E6E201EBED868000F807F /* chatDemo */ = {
			isa = PBXGroup;
			children = (
				049E6E211EBED868000F807F /* Assets.xcassets */,
				049E6E231EBED869000F807F /* Info.plist */,
			);
			path = chatDemo;
			sourceTree = "<group>";
		};
		049E6E2C1EBED869000F807F /* Frameworks */ = {
			isa = PBXGroup;
			children = (
				049E6E2D1EBED869000F807F /* Messages.framework */,
			);
			name = Frameworks;
			sourceTree = "<group>";
		};
		049E6E2F1EBED869000F807F /* MessagesExtension */ = {
			isa = PBXGroup;
			children = (
				049E6E301EBED869000F807F /* MessagesViewController.swift */,
				049E6E321EBED869000F807F /* MainInterface.storyboard */,
				049E6E351EBED869000F807F /* Assets.xcassets */,
				049E6E371EBED869000F807F /* Info.plist */,
			);
			path = MessagesExtension;
			sourceTree = "<group>";
		};
/* End PBXGroup section */

/* Begin PBXNativeTarget section */
		049E6E1D1EBED868000F807F /* chatDemo */ = {
			isa = PBXNativeTarget;
			buildConfigurationList = 049E6E3E1EBED869000F807F /* Build configuration list for PBXNativeTarget "chatDemo" */;
			buildPhases = (
				049E6E1C1EBED868000F807F /* Resources */,
				049E6E3D1EBED869000F807F /* Embed App Extensions */,
			);
			buildRules = (
			);
			dependencies = (
				049E6E2B1EBED869000F807F /* PBXTargetDependency */,
			);
			name = chatDemo;
			productName = chatDemo;
			productReference = 049E6E1E1EBED868000F807F /* chatDemo.app */;
			productType = "com.apple.product-type.application.messages";
		};
		049E6E271EBED869000F807F /* MessagesExtension */ = {
			isa = PBXNativeTarget;
			buildConfigurationList = 049E6E3A1EBED869000F807F /* Build configuration list for PBXNativeTarget "MessagesExtension" */;
			buildPhases = (
				049E6E241EBED869000F807F /* Sources */,
				049E6E251EBED869000F807F /* Frameworks */,
				049E6E261EBED869000F807F /* Resources */,
			);
			buildRules = (
			);
			dependencies = (
			);
			name = MessagesExtension;
			productName = MessagesExtension;
			productReference = 049E6E281EBED869000F807F /* MessagesExtension.appex */;
			productType = "com.apple.product-type.app-extension.messages";
		};
/* End PBXNativeTarget section */

/* Begin PBXProject section */
		049E6E181EBED868000F807F /* Project object */ = {
			isa = PBXProject;
			attributes = {
				LastSwiftUpdateCheck = 0830;
				LastUpgradeCheck = 0830;
				ORGANIZATIONNAME = "Ilgorbek Kuchkarov";
				TargetAttributes = {
					049E6E1D1EBED868000F807F = {
						CreatedOnToolsVersion = 8.3.2;
						DevelopmentTeam = LU53Y2TGL2;
						ProvisioningStyle = Automatic;
					};
					049E6E271EBED869000F807F = {
						CreatedOnToolsVersion = 8.3.2;
						ProvisioningStyle = Automatic;
					};
				};
			};
			buildConfigurationList = 049E6E1B1EBED868000F807F /* Build configuration list for PBXProject "chatDemo" */;
			compatibilityVersion = "Xcode 3.2";
			developmentRegion = English;
			hasScannedForEncodings = 0;
			knownRegions = (
				en,
				Base,
			);
			mainGroup = 049E6E171EBED868000F807F;
			productRefGroup = 049E6E1F1EBED868000F807F /* Products */;
			projectDirPath = "";
			projectRoot = "";
			targets = (
				049E6E1D1EBED868000F807F /* chatDemo */,
				049E6E271EBED869000F807F /* MessagesExtension */,
			);
		};
/* End PBXProject section */

/* Begin PBXResourcesBuildPhase section */
		049E6E1C1EBED868000F807F /* Resources */ = {
			isa = PBXResourcesBuildPhase;
			buildActionMask = 2147483647;
			files = (
				049E6E221EBED868000F807F /* Assets.xcassets in Resources */,
			);
			runOnlyForDeploymentPostprocessing = 0;
		};
		049E6E261EBED869000F807F /* Resources */ = {
			isa = PBXResourcesBuildPhase;
			buildActionMask = 2147483647;
			files = (
				049E6E361EBED869000F807F /* Assets.xcassets in Resources */,
				049E6E341EBED869000F807F /* MainInterface.storyboard in Resources */,
			);
			runOnlyForDeploymentPostprocessing = 0;
		};
/* End PBXResourcesBuildPhase section */

/* Begin PBXSourcesBuildPhase section */
		049E6E241EBED869000F807F /* Sources */ = {
			isa = PBXSourcesBuildPhase;
			buildActionMask = 2147483647;
			files = (
				049E6E311EBED869000F807F /* MessagesViewController.swift in Sources */,
			);
			runOnlyForDeploymentPostprocessing = 0;
		};
/* End PBXSourcesBuildPhase section */

/* Begin PBXTargetDependency section */
		049E6E2B1EBED869000F807F /* PBXTargetDependency */ = {
			isa = PBXTargetDependency;
			target = 049E6E271EBED869000F807F /* MessagesExtension */;
			targetProxy = 049E6E2A1EBED869000F807F /* PBXContainerItemProxy */;
		};
/* End PBXTargetDependency section */

/* Begin PBXVariantGroup section */
		049E6E321EBED869000F807F /* MainInterface.storyboard */ = {
			isa = PBXVariantGroup;
			children = (
				049E6E331EBED869000F807F /* Base */,
			);
			name = MainInterface.storyboard;
			sourceTree = "<group>";
		};
/* End PBXVariantGroup section */

/* Begin XCBuildConfiguration section */
		049E6E381EBED869000F807F /* Debug */ = {
			isa = XCBuildConfiguration;
			buildSettings = {
				ALWAYS_SEARCH_USER_PATHS = NO;
				CLANG_ANALYZER_NONNULL = YES;
				CLANG_ANALYZER_NUMBER_OBJECT_CONVERSION = YES_AGGRESSIVE;
				CLANG_CXX_LANGUAGE_STANDARD = "gnu++0x";
				CLANG_CXX_LIBRARY = "libc++";
				CLANG_ENABLE_MODULES = YES;
				CLANG_ENABLE_OBJC_ARC = YES;
				CLANG_WARN_BOOL_CONVERSION = YES;
				CLANG_WARN_CONSTANT_CONVERSION = YES;
				CLANG_WARN_DIRECT_OBJC_ISA_USAGE = YES_ERROR;
				CLANG_WARN_DOCUMENTATION_COMMENTS = YES;
				CLANG_WARN_EMPTY_BODY = YES;
				CLANG_WARN_ENUM_CONVERSION = YES;
				CLANG_WARN_INFINITE_RECURSION = YES;
				CLANG_WARN_INT_CONVERSION = YES;
				CLANG_WARN_OBJC_ROOT_CLASS = YES_ERROR;
				CLANG_WARN_SUSPICIOUS_MOVE = YES;
				CLANG_WARN_UNREACHABLE_CODE = YES;
				CLANG_WARN__DUPLICATE_METHOD_MATCH = YES;
				"CODE_SIGN_IDENTITY[sdk=iphoneos*]" = "iPhone Developer";
				COPY_PHASE_STRIP = NO;
				DEBUG_INFORMATION_FORMAT = dwarf;
				ENABLE_STRICT_OBJC_MSGSEND = YES;
				ENABLE_TESTABILITY = YES;
				GCC_C_LANGUAGE_STANDARD = gnu99;
				GCC_DYNAMIC_NO_PIC = NO;
				GCC_NO_COMMON_BLOCKS = YES;
				GCC_OPTIMIZATION_LEVEL = 0;
				GCC_PREPROCESSOR_DEFINITIONS = (
					"DEBUG=1",
					"$(inherited)",
				);
				GCC_WARN_64_TO_32_BIT_CONVERSION = YES;
				GCC_WARN_ABOUT_RETURN_TYPE = YES_ERROR;
				GCC_WARN_UNDECLARED_SELECTOR = YES;
				GCC_WARN_UNINITIALIZED_AUTOS = YES_AGGRESSIVE;
				GCC_WARN_UNUSED_FUNCTION = YES;
				GCC_WARN_UNUSED_VARIABLE = YES;
				IPHONEOS_DEPLOYMENT_TARGET = 10.3;
				MTL_ENABLE_DEBUG_INFO = YES;
				ONLY_ACTIVE_ARCH = YES;
				SDKROOT = iphoneos;
				SWIFT_ACTIVE_COMPILATION_CONDITIONS = DEBUG;
				SWIFT_OPTIMIZATION_LEVEL = "-Onone";
				TARGETED_DEVICE_FAMILY = "1,2";
			};
			name = Debug;
		};
		049E6E391EBED869000F807F /* Release */ = {
			isa = XCBuildConfiguration;
			buildSettings = {
				ALWAYS_SEARCH_USER_PATHS = NO;
				CLANG_ANALYZER_NONNULL = YES;
				CLANG_ANALYZER_NUMBER_OBJECT_CONVERSION = YES_AGGRESSIVE;
				CLANG_CXX_LANGUAGE_STANDARD = "gnu++0x";
				CLANG_CXX_LIBRARY = "libc++";
				CLANG_ENABLE_MODULES = YES;
				CLANG_ENABLE_OBJC_ARC = YES;
				CLANG_WARN_BOOL_CONVERSION = YES;
				CLANG_WARN_CONSTANT_CONVERSION = YES;
				CLANG_WARN_DIRECT_OBJC_ISA_USAGE = YES_ERROR;
				CLANG_WARN_DOCUMENTATION_COMMENTS = YES;
				CLANG_WARN_EMPTY_BODY = YES;
				CLANG_WARN_ENUM_CONVERSION = YES;
				CLANG_WARN_INFINITE_RECURSION = YES;
				CLANG_WARN_INT_CONVERSION = YES;
				CLANG_WARN_OBJC_ROOT_CLASS = YES_ERROR;
				CLANG_WARN_SUSPICIOUS_MOVE = YES;
				CLANG_WARN_UNREACHABLE_CODE = YES;
				CLANG_WARN__DUPLICATE_METHOD_MATCH = YES;
				"CODE_SIGN_IDENTITY[sdk=iphoneos*]" = "iPhone Developer";
				COPY_PHASE_STRIP = NO;
				DEBUG_INFORMATION_FORMAT = "dwarf-with-dsym";
				ENABLE_NS_ASSERTIONS = NO;
				ENABLE_STRICT_OBJC_MSGSEND = YES;
				GCC_C_LANGUAGE_STANDARD = gnu99;
				GCC_NO_COMMON_BLOCKS = YES;
				GCC_WARN_64_TO_32_BIT_CONVERSION = YES;
				GCC_WARN_ABOUT_RETURN_TYPE = YES_ERROR;
				GCC_WARN_UNDECLARED_SELECTOR = YES;
				GCC_WARN_UNINITIALIZED_AUTOS = YES_AGGRESSIVE;
				GCC_WARN_UNUSED_FUNCTION = YES;
				GCC_WARN_UNUSED_VARIABLE = YES;
				IPHONEOS_DEPLOYMENT_TARGET = 10.3;
				MTL_ENABLE_DEBUG_INFO = NO;
				SDKROOT = iphoneos;
				SWIFT_OPTIMIZATION_LEVEL = "-Owholemodule";
				TARGETED_DEVICE_FAMILY = "1,2";
				VALIDATE_PRODUCT = YES;
			};
			name = Release;
		};
		049E6E3B1EBED869000F807F /* Debug */ = {
			isa = XCBuildConfiguration;
			buildSettings = {
				ASSETCATALOG_COMPILER_APPICON_NAME = "iMessage App Icon";
				INFOPLIST_FILE = MessagesExtension/Info.plist;
				LD_RUNPATH_SEARCH_PATHS = "$(inherited) @executable_path/Frameworks @executable_path/../../Frameworks";
				PRODUCT_BUNDLE_IDENTIFIER = us.ilgorbek.chatDemo.MessagesExtension;
				PRODUCT_NAME = "$(TARGET_NAME)";
				SKIP_INSTALL = YES;
				SWIFT_VERSION = 3.0;
			};
			name = Debug;
		};
		049E6E3C1EBED869000F807F /* Release */ = {
			isa = XCBuildConfiguration;
			buildSettings = {
				ASSETCATALOG_COMPILER_APPICON_NAME = "iMessage App Icon";
				INFOPLIST_FILE = MessagesExtension/Info.plist;
				LD_RUNPATH_SEARCH_PATHS = "$(inherited) @executable_path/Frameworks @executable_path/../../Frameworks";
				PRODUCT_BUNDLE_IDENTIFIER = us.ilgorbek.chatDemo.MessagesExtension;
				PRODUCT_NAME = "$(TARGET_NAME)";
				SKIP_INSTALL = YES;
				SWIFT_VERSION = 3.0;
			};
			name = Release;
		};
		049E6E3F1EBED869000F807F /* Debug */ = {
			isa = XCBuildConfiguration;
			buildSettings = {
				ALWAYS_EMBED_SWIFT_STANDARD_LIBRARIES = YES;
				ASSETCATALOG_COMPILER_APPICON_NAME = AppIcon;
				DEVELOPMENT_TEAM = LU53Y2TGL2;
				INFOPLIST_FILE = chatDemo/Info.plist;
				PRODUCT_BUNDLE_IDENTIFIER = us.ilgorbek.chatDemo;
				PRODUCT_NAME = "$(TARGET_NAME)";
				SWIFT_VERSION = 3.0;
			};
			name = Debug;
		};
		049E6E401EBED869000F807F /* Release */ = {
			isa = XCBuildConfiguration;
			buildSettings = {
				ALWAYS_EMBED_SWIFT_STANDARD_LIBRARIES = YES;
				ASSETCATALOG_COMPILER_APPICON_NAME = AppIcon;
				DEVELOPMENT_TEAM = LU53Y2TGL2;
				INFOPLIST_FILE = chatDemo/Info.plist;
				PRODUCT_BUNDLE_IDENTIFIER = us.ilgorbek.chatDemo;
				PRODUCT_NAME = "$(TARGET_NAME)";
				SWIFT_VERSION = 3.0;
			};
			name = Release;
		};
/* End XCBuildConfiguration section */

/* Begin XCConfigurationList section */
		049E6E1B1EBED868000F807F /* Build configuration list for PBXProject "chatDemo" */ = {
			isa = XCConfigurationList;
			buildConfigurations = (
				049E6E381EBED869000F807F /* Debug */,
				049E6E391EBED869000F807F /* Release */,
			);
			defaultConfigurationIsVisible = 0;
			defaultConfigurationName = Release;
		};
		049E6E3A1EBED869000F807F /* Build configuration list for PBXNativeTarget "MessagesExtension" */ = {
			isa = XCConfigurationList;
			buildConfigurations = (
				049E6E3B1EBED869000F807F /* Debug */,
				049E6E3C1EBED869000F807F /* Release */,
			);
			defaultConfigurationIsVisible = 0;
		};
		049E6E3E1EBED869000F807F /* Build configuration list for PBXNativeTarget "chatDemo" */ = {
			isa = XCConfigurationList;
			buildConfigurations = (
				049E6E3F1EBED869000F807F /* Debug */,
				049E6E401EBED869000F807F /* Release */,
			);
			defaultConfigurationIsVisible = 0;
		};
/* End XCConfigurationList section */
	};
	rootObject = 049E6E181EBED868000F807F /* Project object */;
}
